
Microsoft Visual Studio Solution File, Format Version 12.00
# Visual Studio Version 17
VisualStudioVersion = 17.3.32922.545
MinimumVisualStudioVersion = 10.0.40219.1
Project("{9A19103F-16F7-4668-BE54-9A1E7A4F7556}") = "Currency Converter", "Currency Converter.csproj", "{189928F3-392C-4317-B1F6-5609123C8DD2}"
EndProject
Global
	GlobalSection(SolutionConfigurationPlatforms) = preSolution
		Debug|x64 = Debug|x64
		Release|x64 = Release|x64
	EndGlobalSection
	GlobalSection(ProjectConfigurationPlatforms) = postSolution
		{189928F3-392C-4317-B1F6-5609123C8DD2}.Debug|x64.ActiveCfg = Debug|x64
		{189928F3-392C-4317-B1F6-5609123C8DD2}.Debug|x64.Build.0 = Debug|x64
		{189928F3-392C-4317-B1F6-5609123C8DD2}.Release|x64.ActiveCfg = Release|x64
		{189928F3-392C-4317-B1F6-5609123C8DD2}.Release|x64.Build.0 = Release|x64
	EndGlobalSection
	GlobalSection(SolutionProperties) = preSolution
		HideSolutionNode = FALSE
	EndGlobalSection
	GlobalSection(ExtensibilityGlobals) = postSolution
		SolutionGuid = {99B52618-BD41-40E0-B0E2-FC9C8A7DC03B}
	EndGlobalSection
EndGlobal
